
Microsoft Visual Studio Solution File, Format Version 12.00
# Visual Studio Version 17
VisualStudioVersion = 17.5.33502.453
MinimumVisualStudioVersion = 10.0.40219.1
Project("{FAE04EC0-301F-11D3-BF4B-00C04F79EFBC}") = "WebAPIIntro_1", "WebAPIIntro_1\WebAPIIntro_1.csproj", "{64B7D271-034D-4602-9B19-C7308F1EB406}"
EndProject
Global
	GlobalSection(SolutionConfigurationPlatforms) = preSolution
		Debug|Any CPU = Debug|Any CPU
		Release|Any CPU = Release|Any CPU
	EndGlobalSection
	GlobalSection(ProjectConfigurationPlatforms) = postSolution
		{64B7D271-034D-4602-9B19-C7308F1EB406}.Debug|Any CPU.ActiveCfg = Debug|Any CPU
		{64B7D271-034D-4602-9B19-C7308F1EB406}.Debug|Any CPU.Build.0 = Debug|Any CPU
		{64B7D271-034D-4602-9B19-C7308F1EB406}.Release|Any CPU.ActiveCfg = Release|Any CPU
		{64B7D271-034D-4602-9B19-C7308F1EB406}.Release|Any CPU.Build.0 = Release|Any CPU
	EndGlobalSection
	GlobalSection(SolutionProperties) = preSolution
		HideSolutionNode = FALSE
	EndGlobalSection
	GlobalSection(ExtensibilityGlobals) = postSolution
		SolutionGuid = {31201E24-49F4-4E46-B111-38DA0C6645F9}
	EndGlobalSection
EndGlobal
